
Microsoft Visual Studio Solution File, Format Version 12.00
# Visual Studio Version 17
VisualStudioVersion = 17.4.33205.214
MinimumVisualStudioVersion = 10.0.40219.1
Project("{FAE04EC0-301F-11D3-BF4B-00C04F79EFBC}") = "SodukoSolver", "SodukoSolver\SodukoSolver.csproj", "{3C359425-D156-4F14-A555-170524DA327E}"
EndProject
Global
	GlobalSection(SolutionConfigurationPlatforms) = preSolution
		Debug|Any CPU = Debug|Any CPU
		Release|Any CPU = Release|Any CPU
	EndGlobalSection
	GlobalSection(ProjectConfigurationPlatforms) = postSolution
		{3C359425-D156-4F14-A555-170524DA327E}.Debug|Any CPU.ActiveCfg = Debug|Any CPU
		{3C359425-D156-4F14-A555-170524DA327E}.Debug|Any CPU.Build.0 = Debug|Any CPU
		{3C359425-D156-4F14-A555-170524DA327E}.Release|Any CPU.ActiveCfg = Release|Any CPU
		{3C359425-D156-4F14-A555-170524DA327E}.Release|Any CPU.Build.0 = Release|Any CPU
	EndGlobalSection
	GlobalSection(SolutionProperties) = preSolution
		HideSolutionNode = FALSE
	EndGlobalSection
	GlobalSection(ExtensibilityGlobals) = postSolution
		SolutionGuid = {75154464-0D29-4BD1-AA9C-0FC0AD4239F0}
	EndGlobalSection
EndGlobal
